<?xml version="1.0" encoding="utf-8"?>
<Project ToolsVersion="16.0" xmlns="http://schemas.microsoft.com/developer/msbuild/2003">
  <ItemGroup>
    <CustomBuild Include="C:\Users\Administrator\Desktop\MIDIVisualizer-master\SFML-master\SFML-master\build2\CMakeFiles\79877d0750e8923378f6a7a0bd95c11e\RUN_TESTS_force.rule">
      <Filter>CMake Rules</Filter>
    </CustomBuild>
  </ItemGroup>
  <ItemGroup>
    <Filter Include="CMake Rules">
      <UniqueIdentifier>{4641EB3B-F1B4-3CCF-8B8A-38B59D2AF216}</UniqueIdentifier>
    </Filter>
  </ItemGroup>
</Project>
