Microsoft Visual Studio Solution File, Format Version 12.00
# Visual Studio 16
Project("{2150E333-8FDC-42A3-9474-1A3956D46DE8}") = "CMake", "CMake", "{CDC001C7-F86A-382A-BD54-499EDB4E0E35}"
EndProject
Project("{2150E333-8FDC-42A3-9474-1A3956D46DE8}") = "Examples", "Examples", "{1EEE8E92-86FB-3990-9614-FC02F33CA3F4}"
EndProject
Project("{2150E333-8FDC-42A3-9474-1A3956D46DE8}") = "SFML", "SFML", "{BB4B1D65-12F8-3ED4-86E9-44BBDF3567B8}"
EndProject
Project("{2150E333-8FDC-42A3-9474-1A3956D46DE8}") = "Tests", "Tests", "{DB063469-D148-3975-BB8A-55443663F191}"
EndProject
Project("{8BC9CEB8-8B4A-11D0-8D11-00A0C91BC942}") = "ALL_BUILD", "ALL_BUILD.vcxproj", "{DEE132A8-73DB-3D89-AF6B-8017FE62FA37}"
	ProjectSection(ProjectDependencies) = postProject
		{A94FD822-C1C4-3ACD-8EF6-9D5F278CBC04} = {A94FD822-C1C4-3ACD-8EF6-9D5F278CBC04}
		{9CCD7BBF-F026-311F-83FF-445C13052E4D} = {9CCD7BBF-F026-311F-83FF-445C13052E4D}
		{3ACEFFB1-1EA0-37E6-832C-204C85752B55} = {3ACEFFB1-1EA0-37E6-832C-204C85752B55}
		{AE9EB570-3318-3484-AA82-E12FF19B1FF5} = {AE9EB570-3318-3484-AA82-E12FF19B1FF5}
		{2C7759E1-E357-3E31-A8E7-A2661254EDEC} = {2C7759E1-E357-3E31-A8E7-A2661254EDEC}
		{EC5C39FF-6682-3F48-B3E2-9AB583BFCDF9} = {EC5C39FF-6682-3F48-B3E2-9AB583BFCDF9}
		{C780658E-A26C-3453-8FBE-8C39EF5A2F3E} = {C780658E-A26C-3453-8FBE-8C39EF5A2F3E}
		{5B33100B-AA15-387F-9766-3D30663ED0B7} = {5B33100B-AA15-387F-9766-3D30663ED0B7}
		{B1584D70-0CF9-3E09-B7E5-37327E22E826} = {B1584D70-0CF9-3E09-B7E5-37327E22E826}
		{F93157E6-F77C-38B1-8B33-CD5F9F1F2AA9} = {F93157E6-F77C-38B1-8B33-CD5F9F1F2AA9}
		{13D3C6CE-172C-36A6-B063-82C6964FD55E} = {13D3C6CE-172C-36A6-B063-82C6964FD55E}
		{9E376FD8-B5A0-38DF-BA20-6BE761B35FEF} = {9E376FD8-B5A0-38DF-BA20-6BE761B35FEF}
		{42506F45-84EC-3DF4-9185-D7736BD80EDD} = {42506F45-84EC-3DF4-9185-D7736BD80EDD}
		{780B5A3C-2645-3A4E-8398-0EAC0DA580D1} = {780B5A3C-2645-3A4E-8398-0EAC0DA580D1}
		{2A825495-990D-3AD9-8EB7-6BB81F39BA8B} = {2A825495-990D-3AD9-8EB7-6BB81F39BA8B}
		{EA464A7D-5551-3C44-92C6-D0DBA2166F3E} = {EA464A7D-5551-3C44-92C6-D0DBA2166F3E}
		{08E31A4F-23E4-317D-91E0-D72C23EC5511} = {08E31A4F-23E4-317D-91E0-D72C23EC5511}
		{5E758F07-5BC8-343D-A5F5-669792035301} = {5E758F07-5BC8-343D-A5F5-669792035301}
		{D61F60BE-2F0A-3C66-853C-B29A685292CE} = {D61F60BE-2F0A-3C66-853C-B29A685292CE}
		{E8985036-316E-3303-9FD3-D90F8D161C0F} = {E8985036-316E-3303-9FD3-D90F8D161C0F}
		{856AB892-3C0C-3C1E-8637-E16DF15B63AA} = {856AB892-3C0C-3C1E-8637-E16DF15B63AA}
		{78D63E0D-2758-36A8-87E6-EB3988710F52} = {78D63E0D-2758-36A8-87E6-EB3988710F52}
		{4F517F1C-DD9C-3FB5-B09A-7B396247DE25} = {4F517F1C-DD9C-3FB5-B09A-7B396247DE25}
		{CD98BBE2-EEC2-38A9-88E1-16CD454B4651} = {CD98BBE2-EEC2-38A9-88E1-16CD454B4651}
	EndProjectSection
EndProject
Project("{8BC9CEB8-8B4A-11D0-8D11-00A0C91BC942}") = "INSTALL", "INSTALL.vcxproj", "{AB0C0014-E399-3EE2-9B55-558FEDFE66A4}"
	ProjectSection(ProjectDependencies) = postProject
		{DEE132A8-73DB-3D89-AF6B-8017FE62FA37} = {DEE132A8-73DB-3D89-AF6B-8017FE62FA37}
		{A94FD822-C1C4-3ACD-8EF6-9D5F278CBC04} = {A94FD822-C1C4-3ACD-8EF6-9D5F278CBC04}
	EndProjectSection
EndProject
Project("{8BC9CEB8-8B4A-11D0-8D11-00A0C91BC942}") = "RUN_TESTS", "RUN_TESTS.vcxproj", "{4A0C23B8-E2A9-34CA-9729-17A9F361CB6D}"
	ProjectSection(ProjectDependencies) = postProject
		{A94FD822-C1C4-3ACD-8EF6-9D5F278CBC04} = {A94FD822-C1C4-3ACD-8EF6-9D5F278CBC04}
	EndProjectSection
EndProject
Project("{8BC9CEB8-8B4A-11D0-8D11-00A0C91BC942}") = "ZERO_CHECK", "ZERO_CHECK.vcxproj", "{A94FD822-C1C4-3ACD-8EF6-9D5F278CBC04}"
	ProjectSection(ProjectDependencies) = postProject
	EndProjectSection
EndProject
Project("{8BC9CEB8-8B4A-11D0-8D11-00A0C91BC942}") = "ftp", "examples\ftp\ftp.vcxproj", "{9CCD7BBF-F026-311F-83FF-445C13052E4D}"
	ProjectSection(ProjectDependencies) = postProject
		{A94FD822-C1C4-3ACD-8EF6-9D5F278CBC04} = {A94FD822-C1C4-3ACD-8EF6-9D5F278CBC04}
		{13D3C6CE-172C-36A6-B063-82C6964FD55E} = {13D3C6CE-172C-36A6-B063-82C6964FD55E}
		{9E376FD8-B5A0-38DF-BA20-6BE761B35FEF} = {9E376FD8-B5A0-38DF-BA20-6BE761B35FEF}
	EndProjectSection
EndProject
Project("{8BC9CEB8-8B4A-11D0-8D11-00A0C91BC942}") = "island", "examples\island\island.vcxproj", "{3ACEFFB1-1EA0-37E6-832C-204C85752B55}"
	ProjectSection(ProjectDependencies) = postProject
		{A94FD822-C1C4-3ACD-8EF6-9D5F278CBC04} = {A94FD822-C1C4-3ACD-8EF6-9D5F278CBC04}
		{B1584D70-0CF9-3E09-B7E5-37327E22E826} = {B1584D70-0CF9-3E09-B7E5-37327E22E826}
		{9E376FD8-B5A0-38DF-BA20-6BE761B35FEF} = {9E376FD8-B5A0-38DF-BA20-6BE761B35FEF}
		{42506F45-84EC-3DF4-9185-D7736BD80EDD} = {42506F45-84EC-3DF4-9185-D7736BD80EDD}
	EndProjectSection
EndProject
Project("{8BC9CEB8-8B4A-11D0-8D11-00A0C91BC942}") = "joystick", "examples\joystick\joystick.vcxproj", "{AE9EB570-3318-3484-AA82-E12FF19B1FF5}"
	ProjectSection(ProjectDependencies) = postProject
		{A94FD822-C1C4-3ACD-8EF6-9D5F278CBC04} = {A94FD822-C1C4-3ACD-8EF6-9D5F278CBC04}
		{B1584D70-0CF9-3E09-B7E5-37327E22E826} = {B1584D70-0CF9-3E09-B7E5-37327E22E826}
		{9E376FD8-B5A0-38DF-BA20-6BE761B35FEF} = {9E376FD8-B5A0-38DF-BA20-6BE761B35FEF}
		{42506F45-84EC-3DF4-9185-D7736BD80EDD} = {42506F45-84EC-3DF4-9185-D7736BD80EDD}
	EndProjectSection
EndProject
Project("{8BC9CEB8-8B4A-11D0-8D11-00A0C91BC942}") = "opengl", "examples\opengl\opengl.vcxproj", "{2C7759E1-E357-3E31-A8E7-A2661254EDEC}"
	ProjectSection(ProjectDependencies) = postProject
		{A94FD822-C1C4-3ACD-8EF6-9D5F278CBC04} = {A94FD822-C1C4-3ACD-8EF6-9D5F278CBC04}
		{B1584D70-0CF9-3E09-B7E5-37327E22E826} = {B1584D70-0CF9-3E09-B7E5-37327E22E826}
		{9E376FD8-B5A0-38DF-BA20-6BE761B35FEF} = {9E376FD8-B5A0-38DF-BA20-6BE761B35FEF}
		{42506F45-84EC-3DF4-9185-D7736BD80EDD} = {42506F45-84EC-3DF4-9185-D7736BD80EDD}
	EndProjectSection
EndProject
Project("{8BC9CEB8-8B4A-11D0-8D11-00A0C91BC942}") = "pong", "examples\pong\pong.vcxproj", "{EC5C39FF-6682-3F48-B3E2-9AB583BFCDF9}"
	ProjectSection(ProjectDependencies) = postProject
		{A94FD822-C1C4-3ACD-8EF6-9D5F278CBC04} = {A94FD822-C1C4-3ACD-8EF6-9D5F278CBC04}
		{5B33100B-AA15-387F-9766-3D30663ED0B7} = {5B33100B-AA15-387F-9766-3D30663ED0B7}
		{B1584D70-0CF9-3E09-B7E5-37327E22E826} = {B1584D70-0CF9-3E09-B7E5-37327E22E826}
		{9E376FD8-B5A0-38DF-BA20-6BE761B35FEF} = {9E376FD8-B5A0-38DF-BA20-6BE761B35FEF}
		{42506F45-84EC-3DF4-9185-D7736BD80EDD} = {42506F45-84EC-3DF4-9185-D7736BD80EDD}
	EndProjectSection
EndProject
Project("{8BC9CEB8-8B4A-11D0-8D11-00A0C91BC942}") = "runtests", "test\runtests.vcxproj", "{C780658E-A26C-3453-8FBE-8C39EF5A2F3E}"
	ProjectSection(ProjectDependencies) = postProject
		{A94FD822-C1C4-3ACD-8EF6-9D5F278CBC04} = {A94FD822-C1C4-3ACD-8EF6-9D5F278CBC04}
		{5E758F07-5BC8-343D-A5F5-669792035301} = {5E758F07-5BC8-343D-A5F5-669792035301}
		{D61F60BE-2F0A-3C66-853C-B29A685292CE} = {D61F60BE-2F0A-3C66-853C-B29A685292CE}
		{E8985036-316E-3303-9FD3-D90F8D161C0F} = {E8985036-316E-3303-9FD3-D90F8D161C0F}
	EndProjectSection
EndProject
Project("{8BC9CEB8-8B4A-11D0-8D11-00A0C91BC942}") = "sfml-audio", "src\SFML\Audio\sfml-audio.vcxproj", "{5B33100B-AA15-387F-9766-3D30663ED0B7}"
	ProjectSection(ProjectDependencies) = postProject
		{A94FD822-C1C4-3ACD-8EF6-9D5F278CBC04} = {A94FD822-C1C4-3ACD-8EF6-9D5F278CBC04}
		{9E376FD8-B5A0-38DF-BA20-6BE761B35FEF} = {9E376FD8-B5A0-38DF-BA20-6BE761B35FEF}
	EndProjectSection
EndProject
Project("{8BC9CEB8-8B4A-11D0-8D11-00A0C91BC942}") = "sfml-graphics", "src\SFML\Graphics\sfml-graphics.vcxproj", "{B1584D70-0CF9-3E09-B7E5-37327E22E826}"
	ProjectSection(ProjectDependencies) = postProject
		{A94FD822-C1C4-3ACD-8EF6-9D5F278CBC04} = {A94FD822-C1C4-3ACD-8EF6-9D5F278CBC04}
		{9E376FD8-B5A0-38DF-BA20-6BE761B35FEF} = {9E376FD8-B5A0-38DF-BA20-6BE761B35FEF}
		{42506F45-84EC-3DF4-9185-D7736BD80EDD} = {42506F45-84EC-3DF4-9185-D7736BD80EDD}
	EndProjectSection
EndProject
Project("{8BC9CEB8-8B4A-11D0-8D11-00A0C91BC942}") = "sfml-main", "src\SFML\Main\sfml-main.vcxproj", "{F93157E6-F77C-38B1-8B33-CD5F9F1F2AA9}"
	ProjectSection(ProjectDependencies) = postProject
		{A94FD822-C1C4-3ACD-8EF6-9D5F278CBC04} = {A94FD822-C1C4-3ACD-8EF6-9D5F278CBC04}
	EndProjectSection
EndProject
Project("{8BC9CEB8-8B4A-11D0-8D11-00A0C91BC942}") = "sfml-network", "src\SFML\Network\sfml-network.vcxproj", "{13D3C6CE-172C-36A6-B063-82C6964FD55E}"
	ProjectSection(ProjectDependencies) = postProject
		{A94FD822-C1C4-3ACD-8EF6-9D5F278CBC04} = {A94FD822-C1C4-3ACD-8EF6-9D5F278CBC04}
		{9E376FD8-B5A0-38DF-BA20-6BE761B35FEF} = {9E376FD8-B5A0-38DF-BA20-6BE761B35FEF}
	EndProjectSection
EndProject
Project("{8BC9CEB8-8B4A-11D0-8D11-00A0C91BC942}") = "sfml-system", "src\SFML\System\sfml-system.vcxproj", "{9E376FD8-B5A0-38DF-BA20-6BE761B35FEF}"
	ProjectSection(ProjectDependencies) = postProject
		{A94FD822-C1C4-3ACD-8EF6-9D5F278CBC04} = {A94FD822-C1C4-3ACD-8EF6-9D5F278CBC04}
	EndProjectSection
EndProject
Project("{8BC9CEB8-8B4A-11D0-8D11-00A0C91BC942}") = "sfml-window", "src\SFML\Window\sfml-window.vcxproj", "{42506F45-84EC-3DF4-9185-D7736BD80EDD}"
	ProjectSection(ProjectDependencies) = postProject
		{A94FD822-C1C4-3ACD-8EF6-9D5F278CBC04} = {A94FD822-C1C4-3ACD-8EF6-9D5F278CBC04}
		{9E376FD8-B5A0-38DF-BA20-6BE761B35FEF} = {9E376FD8-B5A0-38DF-BA20-6BE761B35FEF}
	EndProjectSection
EndProject
Project("{8BC9CEB8-8B4A-11D0-8D11-00A0C91BC942}") = "shader", "examples\shader\shader.vcxproj", "{780B5A3C-2645-3A4E-8398-0EAC0DA580D1}"
	ProjectSection(ProjectDependencies) = postProject
		{A94FD822-C1C4-3ACD-8EF6-9D5F278CBC04} = {A94FD822-C1C4-3ACD-8EF6-9D5F278CBC04}
		{B1584D70-0CF9-3E09-B7E5-37327E22E826} = {B1584D70-0CF9-3E09-B7E5-37327E22E826}
		{9E376FD8-B5A0-38DF-BA20-6BE761B35FEF} = {9E376FD8-B5A0-38DF-BA20-6BE761B35FEF}
		{42506F45-84EC-3DF4-9185-D7736BD80EDD} = {42506F45-84EC-3DF4-9185-D7736BD80EDD}
	EndProjectSection
EndProject
Project("{8BC9CEB8-8B4A-11D0-8D11-00A0C91BC942}") = "sockets", "examples\sockets\sockets.vcxproj", "{2A825495-990D-3AD9-8EB7-6BB81F39BA8B}"
	ProjectSection(ProjectDependencies) = postProject
		{A94FD822-C1C4-3ACD-8EF6-9D5F278CBC04} = {A94FD822-C1C4-3ACD-8EF6-9D5F278CBC04}
		{13D3C6CE-172C-36A6-B063-82C6964FD55E} = {13D3C6CE-172C-36A6-B063-82C6964FD55E}
		{9E376FD8-B5A0-38DF-BA20-6BE761B35FEF} = {9E376FD8-B5A0-38DF-BA20-6BE761B35FEF}
	EndProjectSection
EndProject
Project("{8BC9CEB8-8B4A-11D0-8D11-00A0C91BC942}") = "sound", "examples\sound\sound.vcxproj", "{EA464A7D-5551-3C44-92C6-D0DBA2166F3E}"
	ProjectSection(ProjectDependencies) = postProject
		{A94FD822-C1C4-3ACD-8EF6-9D5F278CBC04} = {A94FD822-C1C4-3ACD-8EF6-9D5F278CBC04}
		{5B33100B-AA15-387F-9766-3D30663ED0B7} = {5B33100B-AA15-387F-9766-3D30663ED0B7}
		{9E376FD8-B5A0-38DF-BA20-6BE761B35FEF} = {9E376FD8-B5A0-38DF-BA20-6BE761B35FEF}
	EndProjectSection
EndProject
Project("{8BC9CEB8-8B4A-11D0-8D11-00A0C91BC942}") = "sound-capture", "examples\sound_capture\sound-capture.vcxproj", "{08E31A4F-23E4-317D-91E0-D72C23EC5511}"
	ProjectSection(ProjectDependencies) = postProject
		{A94FD822-C1C4-3ACD-8EF6-9D5F278CBC04} = {A94FD822-C1C4-3ACD-8EF6-9D5F278CBC04}
		{5B33100B-AA15-387F-9766-3D30663ED0B7} = {5B33100B-AA15-387F-9766-3D30663ED0B7}
		{9E376FD8-B5A0-38DF-BA20-6BE761B35FEF} = {9E376FD8-B5A0-38DF-BA20-6BE761B35FEF}
	EndProjectSection
EndProject
Project("{8BC9CEB8-8B4A-11D0-8D11-00A0C91BC942}") = "test-sfml-graphics", "test\test-sfml-graphics.vcxproj", "{5E758F07-5BC8-343D-A5F5-669792035301}"
	ProjectSection(ProjectDependencies) = postProject
		{A94FD822-C1C4-3ACD-8EF6-9D5F278CBC04} = {A94FD822-C1C4-3ACD-8EF6-9D5F278CBC04}
		{B1584D70-0CF9-3E09-B7E5-37327E22E826} = {B1584D70-0CF9-3E09-B7E5-37327E22E826}
		{9E376FD8-B5A0-38DF-BA20-6BE761B35FEF} = {9E376FD8-B5A0-38DF-BA20-6BE761B35FEF}
		{42506F45-84EC-3DF4-9185-D7736BD80EDD} = {42506F45-84EC-3DF4-9185-D7736BD80EDD}
	EndProjectSection
EndProject
Project("{8BC9CEB8-8B4A-11D0-8D11-00A0C91BC942}") = "test-sfml-system", "test\test-sfml-system.vcxproj", "{D61F60BE-2F0A-3C66-853C-B29A685292CE}"
	ProjectSection(ProjectDependencies) = postProject
		{A94FD822-C1C4-3ACD-8EF6-9D5F278CBC04} = {A94FD822-C1C4-3ACD-8EF6-9D5F278CBC04}
		{9E376FD8-B5A0-38DF-BA20-6BE761B35FEF} = {9E376FD8-B5A0-38DF-BA20-6BE761B35FEF}
	EndProjectSection
EndProject
Project("{8BC9CEB8-8B4A-11D0-8D11-00A0C91BC942}") = "test-sfml-window", "test\test-sfml-window.vcxproj", "{E8985036-316E-3303-9FD3-D90F8D161C0F}"
	ProjectSection(ProjectDependencies) = postProject
		{A94FD822-C1C4-3ACD-8EF6-9D5F278CBC04} = {A94FD822-C1C4-3ACD-8EF6-9D5F278CBC04}
		{9E376FD8-B5A0-38DF-BA20-6BE761B35FEF} = {9E376FD8-B5A0-38DF-BA20-6BE761B35FEF}
		{42506F45-84EC-3DF4-9185-D7736BD80EDD} = {42506F45-84EC-3DF4-9185-D7736BD80EDD}
	EndProjectSection
EndProject
Project("{8BC9CEB8-8B4A-11D0-8D11-00A0C91BC942}") = "voip", "examples\voip\voip.vcxproj", "{856AB892-3C0C-3C1E-8637-E16DF15B63AA}"
	ProjectSection(ProjectDependencies) = postProject
		{A94FD822-C1C4-3ACD-8EF6-9D5F278CBC04} = {A94FD822-C1C4-3ACD-8EF6-9D5F278CBC04}
		{5B33100B-AA15-387F-9766-3D30663ED0B7} = {5B33100B-AA15-387F-9766-3D30663ED0B7}
		{13D3C6CE-172C-36A6-B063-82C6964FD55E} = {13D3C6CE-172C-36A6-B063-82C6964FD55E}
		{9E376FD8-B5A0-38DF-BA20-6BE761B35FEF} = {9E376FD8-B5A0-38DF-BA20-6BE761B35FEF}
	EndProjectSection
EndProject
Project("{8BC9CEB8-8B4A-11D0-8D11-00A0C91BC942}") = "vulkan", "examples\vulkan\vulkan.vcxproj", "{78D63E0D-2758-36A8-87E6-EB3988710F52}"
	ProjectSection(ProjectDependencies) = postProject
		{A94FD822-C1C4-3ACD-8EF6-9D5F278CBC04} = {A94FD822-C1C4-3ACD-8EF6-9D5F278CBC04}
		{B1584D70-0CF9-3E09-B7E5-37327E22E826} = {B1584D70-0CF9-3E09-B7E5-37327E22E826}
		{9E376FD8-B5A0-38DF-BA20-6BE761B35FEF} = {9E376FD8-B5A0-38DF-BA20-6BE761B35FEF}
		{42506F45-84EC-3DF4-9185-D7736BD80EDD} = {42506F45-84EC-3DF4-9185-D7736BD80EDD}
	EndProjectSection
EndProject
Project("{8BC9CEB8-8B4A-11D0-8D11-00A0C91BC942}") = "win32", "examples\win32\win32.vcxproj", "{4F517F1C-DD9C-3FB5-B09A-7B396247DE25}"
	ProjectSection(ProjectDependencies) = postProject
		{A94FD822-C1C4-3ACD-8EF6-9D5F278CBC04} = {A94FD822-C1C4-3ACD-8EF6-9D5F278CBC04}
		{B1584D70-0CF9-3E09-B7E5-37327E22E826} = {B1584D70-0CF9-3E09-B7E5-37327E22E826}
		{9E376FD8-B5A0-38DF-BA20-6BE761B35FEF} = {9E376FD8-B5A0-38DF-BA20-6BE761B35FEF}
		{42506F45-84EC-3DF4-9185-D7736BD80EDD} = {42506F45-84EC-3DF4-9185-D7736BD80EDD}
	EndProjectSection
EndProject
Project("{8BC9CEB8-8B4A-11D0-8D11-00A0C91BC942}") = "window", "examples\window\window.vcxproj", "{CD98BBE2-EEC2-38A9-88E1-16CD454B4651}"
	ProjectSection(ProjectDependencies) = postProject
		{A94FD822-C1C4-3ACD-8EF6-9D5F278CBC04} = {A94FD822-C1C4-3ACD-8EF6-9D5F278CBC04}
		{9E376FD8-B5A0-38DF-BA20-6BE761B35FEF} = {9E376FD8-B5A0-38DF-BA20-6BE761B35FEF}
		{42506F45-84EC-3DF4-9185-D7736BD80EDD} = {42506F45-84EC-3DF4-9185-D7736BD80EDD}
	EndProjectSection
EndProject
Global
	GlobalSection(SolutionConfigurationPlatforms) = preSolution
		Debug|x64 = Debug|x64
		Release|x64 = Release|x64
		MinSizeRel|x64 = MinSizeRel|x64
		RelWithDebInfo|x64 = RelWithDebInfo|x64
	EndGlobalSection
	GlobalSection(ProjectConfigurationPlatforms) = postSolution
		{DEE132A8-73DB-3D89-AF6B-8017FE62FA37}.Debug|x64.ActiveCfg = Debug|x64
		{DEE132A8-73DB-3D89-AF6B-8017FE62FA37}.Debug|x64.Build.0 = Debug|x64
		{DEE132A8-73DB-3D89-AF6B-8017FE62FA37}.Release|x64.ActiveCfg = Release|x64
		{DEE132A8-73DB-3D89-AF6B-8017FE62FA37}.Release|x64.Build.0 = Release|x64
		{DEE132A8-73DB-3D89-AF6B-8017FE62FA37}.MinSizeRel|x64.ActiveCfg = MinSizeRel|x64
		{DEE132A8-73DB-3D89-AF6B-8017FE62FA37}.MinSizeRel|x64.Build.0 = MinSizeRel|x64
		{DEE132A8-73DB-3D89-AF6B-8017FE62FA37}.RelWithDebInfo|x64.ActiveCfg = RelWithDebInfo|x64
		{DEE132A8-73DB-3D89-AF6B-8017FE62FA37}.RelWithDebInfo|x64.Build.0 = RelWithDebInfo|x64
		{AB0C0014-E399-3EE2-9B55-558FEDFE66A4}.Debug|x64.ActiveCfg = Debug|x64
		{AB0C0014-E399-3EE2-9B55-558FEDFE66A4}.Release|x64.ActiveCfg = Release|x64
		{AB0C0014-E399-3EE2-9B55-558FEDFE66A4}.MinSizeRel|x64.ActiveCfg = MinSizeRel|x64
		{AB0C0014-E399-3EE2-9B55-558FEDFE66A4}.RelWithDebInfo|x64.ActiveCfg = RelWithDebInfo|x64
		{4A0C23B8-E2A9-34CA-9729-17A9F361CB6D}.Debug|x64.ActiveCfg = Debug|x64
		{4A0C23B8-E2A9-34CA-9729-17A9F361CB6D}.Release|x64.ActiveCfg = Release|x64
		{4A0C23B8-E2A9-34CA-9729-17A9F361CB6D}.MinSizeRel|x64.ActiveCfg = MinSizeRel|x64
		{4A0C23B8-E2A9-34CA-9729-17A9F361CB6D}.RelWithDebInfo|x64.ActiveCfg = RelWithDebInfo|x64
		{A94FD822-C1C4-3ACD-8EF6-9D5F278CBC04}.Debug|x64.ActiveCfg = Debug|x64
		{A94FD822-C1C4-3ACD-8EF6-9D5F278CBC04}.Debug|x64.Build.0 = Debug|x64
		{A94FD822-C1C4-3ACD-8EF6-9D5F278CBC04}.Release|x64.ActiveCfg = Release|x64
		{A94FD822-C1C4-3ACD-8EF6-9D5F278CBC04}.Release|x64.Build.0 = Release|x64
		{A94FD822-C1C4-3ACD-8EF6-9D5F278CBC04}.MinSizeRel|x64.ActiveCfg = MinSizeRel|x64
		{A94FD822-C1C4-3ACD-8EF6-9D5F278CBC04}.MinSizeRel|x64.Build.0 = MinSizeRel|x64
		{A94FD822-C1C4-3ACD-8EF6-9D5F278CBC04}.RelWithDebInfo|x64.ActiveCfg = RelWithDebInfo|x64
		{A94FD822-C1C4-3ACD-8EF6-9D5F278CBC04}.RelWithDebInfo|x64.Build.0 = RelWithDebInfo|x64
		{9CCD7BBF-F026-311F-83FF-445C13052E4D}.Debug|x64.ActiveCfg = Debug|x64
		{9CCD7BBF-F026-311F-83FF-445C13052E4D}.Debug|x64.Build.0 = Debug|x64
		{9CCD7BBF-F026-311F-83FF-445C13052E4D}.Release|x64.ActiveCfg = Release|x64
		{9CCD7BBF-F026-311F-83FF-445C13052E4D}.Release|x64.Build.0 = Release|x64
		{9CCD7BBF-F026-311F-83FF-445C13052E4D}.MinSizeRel|x64.ActiveCfg = MinSizeRel|x64
		{9CCD7BBF-F026-311F-83FF-445C13052E4D}.MinSizeRel|x64.Build.0 = MinSizeRel|x64
		{9CCD7BBF-F026-311F-83FF-445C13052E4D}.RelWithDebInfo|x64.ActiveCfg = RelWithDebInfo|x64
		{9CCD7BBF-F026-311F-83FF-445C13052E4D}.RelWithDebInfo|x64.Build.0 = RelWithDebInfo|x64
		{3ACEFFB1-1EA0-37E6-832C-204C85752B55}.Debug|x64.ActiveCfg = Debug|x64
		{3ACEFFB1-1EA0-37E6-832C-204C85752B55}.Debug|x64.Build.0 = Debug|x64
		{3ACEFFB1-1EA0-37E6-832C-204C85752B55}.Release|x64.ActiveCfg = Release|x64
		{3ACEFFB1-1EA0-37E6-832C-204C85752B55}.Release|x64.Build.0 = Release|x64
		{3ACEFFB1-1EA0-37E6-832C-204C85752B55}.MinSizeRel|x64.ActiveCfg = MinSizeRel|x64
		{3ACEFFB1-1EA0-37E6-832C-204C85752B55}.MinSizeRel|x64.Build.0 = MinSizeRel|x64
		{3ACEFFB1-1EA0-37E6-832C-204C85752B55}.RelWithDebInfo|x64.ActiveCfg = RelWithDebInfo|x64
		{3ACEFFB1-1EA0-37E6-832C-204C85752B55}.RelWithDebInfo|x64.Build.0 = RelWithDebInfo|x64
		{AE9EB570-3318-3484-AA82-E12FF19B1FF5}.Debug|x64.ActiveCfg = Debug|x64
		{AE9EB570-3318-3484-AA82-E12FF19B1FF5}.Debug|x64.Build.0 = Debug|x64
		{AE9EB570-3318-3484-AA82-E12FF19B1FF5}.Release|x64.ActiveCfg = Release|x64
		{AE9EB570-3318-3484-AA82-E12FF19B1FF5}.Release|x64.Build.0 = Release|x64
		{AE9EB570-3318-3484-AA82-E12FF19B1FF5}.MinSizeRel|x64.ActiveCfg = MinSizeRel|x64
		{AE9EB570-3318-3484-AA82-E12FF19B1FF5}.MinSizeRel|x64.Build.0 = MinSizeRel|x64
		{AE9EB570-3318-3484-AA82-E12FF19B1FF5}.RelWithDebInfo|x64.ActiveCfg = RelWithDebInfo|x64
		{AE9EB570-3318-3484-AA82-E12FF19B1FF5}.RelWithDebInfo|x64.Build.0 = RelWithDebInfo|x64
		{2C7759E1-E357-3E31-A8E7-A2661254EDEC}.Debug|x64.ActiveCfg = Debug|x64
		{2C7759E1-E357-3E31-A8E7-A2661254EDEC}.Debug|x64.Build.0 = Debug|x64
		{2C7759E1-E357-3E31-A8E7-A2661254EDEC}.Release|x64.ActiveCfg = Release|x64
		{2C7759E1-E357-3E31-A8E7-A2661254EDEC}.Release|x64.Build.0 = Release|x64
		{2C7759E1-E357-3E31-A8E7-A2661254EDEC}.MinSizeRel|x64.ActiveCfg = MinSizeRel|x64
		{2C7759E1-E357-3E31-A8E7-A2661254EDEC}.MinSizeRel|x64.Build.0 = MinSizeRel|x64
		{2C7759E1-E357-3E31-A8E7-A2661254EDEC}.RelWithDebInfo|x64.ActiveCfg = RelWithDebInfo|x64
		{2C7759E1-E357-3E31-A8E7-A2661254EDEC}.RelWithDebInfo|x64.Build.0 = RelWithDebInfo|x64
		{EC5C39FF-6682-3F48-B3E2-9AB583BFCDF9}.Debug|x64.ActiveCfg = Debug|x64
		{EC5C39FF-6682-3F48-B3E2-9AB583BFCDF9}.Debug|x64.Build.0 = Debug|x64
		{EC5C39FF-6682-3F48-B3E2-9AB583BFCDF9}.Release|x64.ActiveCfg = Release|x64
		{EC5C39FF-6682-3F48-B3E2-9AB583BFCDF9}.Release|x64.Build.0 = Release|x64
		{EC5C39FF-6682-3F48-B3E2-9AB583BFCDF9}.MinSizeRel|x64.ActiveCfg = MinSizeRel|x64
		{EC5C39FF-6682-3F48-B3E2-9AB583BFCDF9}.MinSizeRel|x64.Build.0 = MinSizeRel|x64
		{EC5C39FF-6682-3F48-B3E2-9AB583BFCDF9}.RelWithDebInfo|x64.ActiveCfg = RelWithDebInfo|x64
		{EC5C39FF-6682-3F48-B3E2-9AB583BFCDF9}.RelWithDebInfo|x64.Build.0 = RelWithDebInfo|x64
		{C780658E-A26C-3453-8FBE-8C39EF5A2F3E}.Debug|x64.ActiveCfg = Debug|x64
		{C780658E-A26C-3453-8FBE-8C39EF5A2F3E}.Debug|x64.Build.0 = Debug|x64
		{C780658E-A26C-3453-8FBE-8C39EF5A2F3E}.Release|x64.ActiveCfg = Release|x64
		{C780658E-A26C-3453-8FBE-8C39EF5A2F3E}.Release|x64.Build.0 = Release|x64
		{C780658E-A26C-3453-8FBE-8C39EF5A2F3E}.MinSizeRel|x64.ActiveCfg = MinSizeRel|x64
		{C780658E-A26C-3453-8FBE-8C39EF5A2F3E}.MinSizeRel|x64.Build.0 = MinSizeRel|x64
		{C780658E-A26C-3453-8FBE-8C39EF5A2F3E}.RelWithDebInfo|x64.ActiveCfg = RelWithDebInfo|x64
		{C780658E-A26C-3453-8FBE-8C39EF5A2F3E}.RelWithDebInfo|x64.Build.0 = RelWithDebInfo|x64
		{5B33100B-AA15-387F-9766-3D30663ED0B7}.Debug|x64.ActiveCfg = Debug|x64
		{5B33100B-AA15-387F-9766-3D30663ED0B7}.Debug|x64.Build.0 = Debug|x64
		{5B33100B-AA15-387F-9766-3D30663ED0B7}.Release|x64.ActiveCfg = Release|x64
		{5B33100B-AA15-387F-9766-3D30663ED0B7}.Release|x64.Build.0 = Release|x64
		{5B33100B-AA15-387F-9766-3D30663ED0B7}.MinSizeRel|x64.ActiveCfg = MinSizeRel|x64
		{5B33100B-AA15-387F-9766-3D30663ED0B7}.MinSizeRel|x64.Build.0 = MinSizeRel|x64
		{5B33100B-AA15-387F-9766-3D30663ED0B7}.RelWithDebInfo|x64.ActiveCfg = RelWithDebInfo|x64
		{5B33100B-AA15-387F-9766-3D30663ED0B7}.RelWithDebInfo|x64.Build.0 = RelWithDebInfo|x64
		{B1584D70-0CF9-3E09-B7E5-37327E22E826}.Debug|x64.ActiveCfg = Debug|x64
		{B1584D70-0CF9-3E09-B7E5-37327E22E826}.Debug|x64.Build.0 = Debug|x64
		{B1584D70-0CF9-3E09-B7E5-37327E22E826}.Release|x64.ActiveCfg = Release|x64
		{B1584D70-0CF9-3E09-B7E5-37327E22E826}.Release|x64.Build.0 = Release|x64
		{B1584D70-0CF9-3E09-B7E5-37327E22E826}.MinSizeRel|x64.ActiveCfg = MinSizeRel|x64
		{B1584D70-0CF9-3E09-B7E5-37327E22E826}.MinSizeRel|x64.Build.0 = MinSizeRel|x64
		{B1584D70-0CF9-3E09-B7E5-37327E22E826}.RelWithDebInfo|x64.ActiveCfg = RelWithDebInfo|x64
		{B1584D70-0CF9-3E09-B7E5-37327E22E826}.RelWithDebInfo|x64.Build.0 = RelWithDebInfo|x64
		{F93157E6-F77C-38B1-8B33-CD5F9F1F2AA9}.Debug|x64.ActiveCfg = Debug|x64
		{F93157E6-F77C-38B1-8B33-CD5F9F1F2AA9}.Debug|x64.Build.0 = Debug|x64
		{F93157E6-F77C-38B1-8B33-CD5F9F1F2AA9}.Release|x64.ActiveCfg = Release|x64
		{F93157E6-F77C-38B1-8B33-CD5F9F1F2AA9}.Release|x64.Build.0 = Release|x64
		{F93157E6-F77C-38B1-8B33-CD5F9F1F2AA9}.MinSizeRel|x64.ActiveCfg = MinSizeRel|x64
		{F93157E6-F77C-38B1-8B33-CD5F9F1F2AA9}.MinSizeRel|x64.Build.0 = MinSizeRel|x64
		{F93157E6-F77C-38B1-8B33-CD5F9F1F2AA9}.RelWithDebInfo|x64.ActiveCfg = RelWithDebInfo|x64
		{F93157E6-F77C-38B1-8B33-CD5F9F1F2AA9}.RelWithDebInfo|x64.Build.0 = RelWithDebInfo|x64
		{13D3C6CE-172C-36A6-B063-82C6964FD55E}.Debug|x64.ActiveCfg = Debug|x64
		{13D3C6CE-172C-36A6-B063-82C6964FD55E}.Debug|x64.Build.0 = Debug|x64
		{13D3C6CE-172C-36A6-B063-82C6964FD55E}.Release|x64.ActiveCfg = Release|x64
		{13D3C6CE-172C-36A6-B063-82C6964FD55E}.Release|x64.Build.0 = Release|x64
		{13D3C6CE-172C-36A6-B063-82C6964FD55E}.MinSizeRel|x64.ActiveCfg = MinSizeRel|x64
		{13D3C6CE-172C-36A6-B063-82C6964FD55E}.MinSizeRel|x64.Build.0 = MinSizeRel|x64
		{13D3C6CE-172C-36A6-B063-82C6964FD55E}.RelWithDebInfo|x64.ActiveCfg = RelWithDebInfo|x64
		{13D3C6CE-172C-36A6-B063-82C6964FD55E}.RelWithDebInfo|x64.Build.0 = RelWithDebInfo|x64
		{9E376FD8-B5A0-38DF-BA20-6BE761B35FEF}.Debug|x64.ActiveCfg = Debug|x64
		{9E376FD8-B5A0-38DF-BA20-6BE761B35FEF}.Debug|x64.Build.0 = Debug|x64
		{9E376FD8-B5A0-38DF-BA20-6BE761B35FEF}.Release|x64.ActiveCfg = Release|x64
		{9E376FD8-B5A0-38DF-BA20-6BE761B35FEF}.Release|x64.Build.0 = Release|x64
		{9E376FD8-B5A0-38DF-BA20-6BE761B35FEF}.MinSizeRel|x64.ActiveCfg = MinSizeRel|x64
		{9E376FD8-B5A0-38DF-BA20-6BE761B35FEF}.MinSizeRel|x64.Build.0 = MinSizeRel|x64
		{9E376FD8-B5A0-38DF-BA20-6BE761B35FEF}.RelWithDebInfo|x64.ActiveCfg = RelWithDebInfo|x64
		{9E376FD8-B5A0-38DF-BA20-6BE761B35FEF}.RelWithDebInfo|x64.Build.0 = RelWithDebInfo|x64
		{42506F45-84EC-3DF4-9185-D7736BD80EDD}.Debug|x64.ActiveCfg = Debug|x64
		{42506F45-84EC-3DF4-9185-D7736BD80EDD}.Debug|x64.Build.0 = Debug|x64
		{42506F45-84EC-3DF4-9185-D7736BD80EDD}.Release|x64.ActiveCfg = Release|x64
		{42506F45-84EC-3DF4-9185-D7736BD80EDD}.Release|x64.Build.0 = Release|x64
		{42506F45-84EC-3DF4-9185-D7736BD80EDD}.MinSizeRel|x64.ActiveCfg = MinSizeRel|x64
		{42506F45-84EC-3DF4-9185-D7736BD80EDD}.MinSizeRel|x64.Build.0 = MinSizeRel|x64
		{42506F45-84EC-3DF4-9185-D7736BD80EDD}.RelWithDebInfo|x64.ActiveCfg = RelWithDebInfo|x64
		{42506F45-84EC-3DF4-9185-D7736BD80EDD}.RelWithDebInfo|x64.Build.0 = RelWithDebInfo|x64
		{780B5A3C-2645-3A4E-8398-0EAC0DA580D1}.Debug|x64.ActiveCfg = Debug|x64
		{780B5A3C-2645-3A4E-8398-0EAC0DA580D1}.Debug|x64.Build.0 = Debug|x64
		{780B5A3C-2645-3A4E-8398-0EAC0DA580D1}.Release|x64.ActiveCfg = Release|x64
		{780B5A3C-2645-3A4E-8398-0EAC0DA580D1}.Release|x64.Build.0 = Release|x64
		{780B5A3C-2645-3A4E-8398-0EAC0DA580D1}.MinSizeRel|x64.ActiveCfg = MinSizeRel|x64
		{780B5A3C-2645-3A4E-8398-0EAC0DA580D1}.MinSizeRel|x64.Build.0 = MinSizeRel|x64
		{780B5A3C-2645-3A4E-8398-0EAC0DA580D1}.RelWithDebInfo|x64.ActiveCfg = RelWithDebInfo|x64
		{780B5A3C-2645-3A4E-8398-0EAC0DA580D1}.RelWithDebInfo|x64.Build.0 = RelWithDebInfo|x64
		{2A825495-990D-3AD9-8EB7-6BB81F39BA8B}.Debug|x64.ActiveCfg = Debug|x64
		{2A825495-990D-3AD9-8EB7-6BB81F39BA8B}.Debug|x64.Build.0 = Debug|x64
		{2A825495-990D-3AD9-8EB7-6BB81F39BA8B}.Release|x64.ActiveCfg = Release|x64
		{2A825495-990D-3AD9-8EB7-6BB81F39BA8B}.Release|x64.Build.0 = Release|x64
		{2A825495-990D-3AD9-8EB7-6BB81F39BA8B}.MinSizeRel|x64.ActiveCfg = MinSizeRel|x64
		{2A825495-990D-3AD9-8EB7-6BB81F39BA8B}.MinSizeRel|x64.Build.0 = MinSizeRel|x64
		{2A825495-990D-3AD9-8EB7-6BB81F39BA8B}.RelWithDebInfo|x64.ActiveCfg = RelWithDebInfo|x64
		{2A825495-990D-3AD9-8EB7-6BB81F39BA8B}.RelWithDebInfo|x64.Build.0 = RelWithDebInfo|x64
		{EA464A7D-5551-3C44-92C6-D0DBA2166F3E}.Debug|x64.ActiveCfg = Debug|x64
		{EA464A7D-5551-3C44-92C6-D0DBA2166F3E}.Debug|x64.Build.0 = Debug|x64
		{EA464A7D-5551-3C44-92C6-D0DBA2166F3E}.Release|x64.ActiveCfg = Release|x64
		{EA464A7D-5551-3C44-92C6-D0DBA2166F3E}.Release|x64.Build.0 = Release|x64
		{EA464A7D-5551-3C44-92C6-D0DBA2166F3E}.MinSizeRel|x64.ActiveCfg = MinSizeRel|x64
		{EA464A7D-5551-3C44-92C6-D0DBA2166F3E}.MinSizeRel|x64.Build.0 = MinSizeRel|x64
		{EA464A7D-5551-3C44-92C6-D0DBA2166F3E}.RelWithDebInfo|x64.ActiveCfg = RelWithDebInfo|x64
		{EA464A7D-5551-3C44-92C6-D0DBA2166F3E}.RelWithDebInfo|x64.Build.0 = RelWithDebInfo|x64
		{08E31A4F-23E4-317D-91E0-D72C23EC5511}.Debug|x64.ActiveCfg = Debug|x64
		{08E31A4F-23E4-317D-91E0-D72C23EC5511}.Debug|x64.Build.0 = Debug|x64
		{08E31A4F-23E4-317D-91E0-D72C23EC5511}.Release|x64.ActiveCfg = Release|x64
		{08E31A4F-23E4-317D-91E0-D72C23EC5511}.Release|x64.Build.0 = Release|x64
		{08E31A4F-23E4-317D-91E0-D72C23EC5511}.MinSizeRel|x64.ActiveCfg = MinSizeRel|x64
		{08E31A4F-23E4-317D-91E0-D72C23EC5511}.MinSizeRel|x64.Build.0 = MinSizeRel|x64
		{08E31A4F-23E4-317D-91E0-D72C23EC5511}.RelWithDebInfo|x64.ActiveCfg = RelWithDebInfo|x64
		{08E31A4F-23E4-317D-91E0-D72C23EC5511}.RelWithDebInfo|x64.Build.0 = RelWithDebInfo|x64
		{5E758F07-5BC8-343D-A5F5-669792035301}.Debug|x64.ActiveCfg = Debug|x64
		{5E758F07-5BC8-343D-A5F5-669792035301}.Debug|x64.Build.0 = Debug|x64
		{5E758F07-5BC8-343D-A5F5-669792035301}.Release|x64.ActiveCfg = Release|x64
		{5E758F07-5BC8-343D-A5F5-669792035301}.Release|x64.Build.0 = Release|x64
		{5E758F07-5BC8-343D-A5F5-669792035301}.MinSizeRel|x64.ActiveCfg = MinSizeRel|x64
		{5E758F07-5BC8-343D-A5F5-669792035301}.MinSizeRel|x64.Build.0 = MinSizeRel|x64
		{5E758F07-5BC8-343D-A5F5-669792035301}.RelWithDebInfo|x64.ActiveCfg = RelWithDebInfo|x64
		{5E758F07-5BC8-343D-A5F5-669792035301}.RelWithDebInfo|x64.Build.0 = RelWithDebInfo|x64
		{D61F60BE-2F0A-3C66-853C-B29A685292CE}.Debug|x64.ActiveCfg = Debug|x64
		{D61F60BE-2F0A-3C66-853C-B29A685292CE}.Debug|x64.Build.0 = Debug|x64
		{D61F60BE-2F0A-3C66-853C-B29A685292CE}.Release|x64.ActiveCfg = Release|x64
		{D61F60BE-2F0A-3C66-853C-B29A685292CE}.Release|x64.Build.0 = Release|x64
		{D61F60BE-2F0A-3C66-853C-B29A685292CE}.MinSizeRel|x64.ActiveCfg = MinSizeRel|x64
		{D61F60BE-2F0A-3C66-853C-B29A685292CE}.MinSizeRel|x64.Build.0 = MinSizeRel|x64
		{D61F60BE-2F0A-3C66-853C-B29A685292CE}.RelWithDebInfo|x64.ActiveCfg = RelWithDebInfo|x64
		{D61F60BE-2F0A-3C66-853C-B29A685292CE}.RelWithDebInfo|x64.Build.0 = RelWithDebInfo|x64
		{E8985036-316E-3303-9FD3-D90F8D161C0F}.Debug|x64.ActiveCfg = Debug|x64
		{E8985036-316E-3303-9FD3-D90F8D161C0F}.Debug|x64.Build.0 = Debug|x64
		{E8985036-316E-3303-9FD3-D90F8D161C0F}.Release|x64.ActiveCfg = Release|x64
		{E8985036-316E-3303-9FD3-D90F8D161C0F}.Release|x64.Build.0 = Release|x64
		{E8985036-316E-3303-9FD3-D90F8D161C0F}.MinSizeRel|x64.ActiveCfg = MinSizeRel|x64
		{E8985036-316E-3303-9FD3-D90F8D161C0F}.MinSizeRel|x64.Build.0 = MinSizeRel|x64
		{E8985036-316E-3303-9FD3-D90F8D161C0F}.RelWithDebInfo|x64.ActiveCfg = RelWithDebInfo|x64
		{E8985036-316E-3303-9FD3-D90F8D161C0F}.RelWithDebInfo|x64.Build.0 = RelWithDebInfo|x64
		{856AB892-3C0C-3C1E-8637-E16DF15B63AA}.Debug|x64.ActiveCfg = Debug|x64
		{856AB892-3C0C-3C1E-8637-E16DF15B63AA}.Debug|x64.Build.0 = Debug|x64
		{856AB892-3C0C-3C1E-8637-E16DF15B63AA}.Release|x64.ActiveCfg = Release|x64
		{856AB892-3C0C-3C1E-8637-E16DF15B63AA}.Release|x64.Build.0 = Release|x64
		{856AB892-3C0C-3C1E-8637-E16DF15B63AA}.MinSizeRel|x64.ActiveCfg = MinSizeRel|x64
		{856AB892-3C0C-3C1E-8637-E16DF15B63AA}.MinSizeRel|x64.Build.0 = MinSizeRel|x64
		{856AB892-3C0C-3C1E-8637-E16DF15B63AA}.RelWithDebInfo|x64.ActiveCfg = RelWithDebInfo|x64
		{856AB892-3C0C-3C1E-8637-E16DF15B63AA}.RelWithDebInfo|x64.Build.0 = RelWithDebInfo|x64
		{78D63E0D-2758-36A8-87E6-EB3988710F52}.Debug|x64.ActiveCfg = Debug|x64
		{78D63E0D-2758-36A8-87E6-EB3988710F52}.Debug|x64.Build.0 = Debug|x64
		{78D63E0D-2758-36A8-87E6-EB3988710F52}.Release|x64.ActiveCfg = Release|x64
		{78D63E0D-2758-36A8-87E6-EB3988710F52}.Release|x64.Build.0 = Release|x64
		{78D63E0D-2758-36A8-87E6-EB3988710F52}.MinSizeRel|x64.ActiveCfg = MinSizeRel|x64
		{78D63E0D-2758-36A8-87E6-EB3988710F52}.MinSizeRel|x64.Build.0 = MinSizeRel|x64
		{78D63E0D-2758-36A8-87E6-EB3988710F52}.RelWithDebInfo|x64.ActiveCfg = RelWithDebInfo|x64
		{78D63E0D-2758-36A8-87E6-EB3988710F52}.RelWithDebInfo|x64.Build.0 = RelWithDebInfo|x64
		{4F517F1C-DD9C-3FB5-B09A-7B396247DE25}.Debug|x64.ActiveCfg = Debug|x64
		{4F517F1C-DD9C-3FB5-B09A-7B396247DE25}.Debug|x64.Build.0 = Debug|x64
		{4F517F1C-DD9C-3FB5-B09A-7B396247DE25}.Release|x64.ActiveCfg = Release|x64
		{4F517F1C-DD9C-3FB5-B09A-7B396247DE25}.Release|x64.Build.0 = Release|x64
		{4F517F1C-DD9C-3FB5-B09A-7B396247DE25}.MinSizeRel|x64.ActiveCfg = MinSizeRel|x64
		{4F517F1C-DD9C-3FB5-B09A-7B396247DE25}.MinSizeRel|x64.Build.0 = MinSizeRel|x64
		{4F517F1C-DD9C-3FB5-B09A-7B396247DE25}.RelWithDebInfo|x64.ActiveCfg = RelWithDebInfo|x64
		{4F517F1C-DD9C-3FB5-B09A-7B396247DE25}.RelWithDebInfo|x64.Build.0 = RelWithDebInfo|x64
		{CD98BBE2-EEC2-38A9-88E1-16CD454B4651}.Debug|x64.ActiveCfg = Debug|x64
		{CD98BBE2-EEC2-38A9-88E1-16CD454B4651}.Debug|x64.Build.0 = Debug|x64
		{CD98BBE2-EEC2-38A9-88E1-16CD454B4651}.Release|x64.ActiveCfg = Release|x64
		{CD98BBE2-EEC2-38A9-88E1-16CD454B4651}.Release|x64.Build.0 = Release|x64
		{CD98BBE2-EEC2-38A9-88E1-16CD454B4651}.MinSizeRel|x64.ActiveCfg = MinSizeRel|x64
		{CD98BBE2-EEC2-38A9-88E1-16CD454B4651}.MinSizeRel|x64.Build.0 = MinSizeRel|x64
		{CD98BBE2-EEC2-38A9-88E1-16CD454B4651}.RelWithDebInfo|x64.ActiveCfg = RelWithDebInfo|x64
		{CD98BBE2-EEC2-38A9-88E1-16CD454B4651}.RelWithDebInfo|x64.Build.0 = RelWithDebInfo|x64
	EndGlobalSection
	GlobalSection(NestedProjects) = preSolution
		{DEE132A8-73DB-3D89-AF6B-8017FE62FA37} = {CDC001C7-F86A-382A-BD54-499EDB4E0E35}
		{AB0C0014-E399-3EE2-9B55-558FEDFE66A4} = {CDC001C7-F86A-382A-BD54-499EDB4E0E35}
		{4A0C23B8-E2A9-34CA-9729-17A9F361CB6D} = {CDC001C7-F86A-382A-BD54-499EDB4E0E35}
		{A94FD822-C1C4-3ACD-8EF6-9D5F278CBC04} = {CDC001C7-F86A-382A-BD54-499EDB4E0E35}
		{9CCD7BBF-F026-311F-83FF-445C13052E4D} = {1EEE8E92-86FB-3990-9614-FC02F33CA3F4}
		{3ACEFFB1-1EA0-37E6-832C-204C85752B55} = {1EEE8E92-86FB-3990-9614-FC02F33CA3F4}
		{AE9EB570-3318-3484-AA82-E12FF19B1FF5} = {1EEE8E92-86FB-3990-9614-FC02F33CA3F4}
		{2C7759E1-E357-3E31-A8E7-A2661254EDEC} = {1EEE8E92-86FB-3990-9614-FC02F33CA3F4}
		{EC5C39FF-6682-3F48-B3E2-9AB583BFCDF9} = {1EEE8E92-86FB-3990-9614-FC02F33CA3F4}
		{780B5A3C-2645-3A4E-8398-0EAC0DA580D1} = {1EEE8E92-86FB-3990-9614-FC02F33CA3F4}
		{2A825495-990D-3AD9-8EB7-6BB81F39BA8B} = {1EEE8E92-86FB-3990-9614-FC02F33CA3F4}
		{EA464A7D-5551-3C44-92C6-D0DBA2166F3E} = {1EEE8E92-86FB-3990-9614-FC02F33CA3F4}
		{08E31A4F-23E4-317D-91E0-D72C23EC5511} = {1EEE8E92-86FB-3990-9614-FC02F33CA3F4}
		{856AB892-3C0C-3C1E-8637-E16DF15B63AA} = {1EEE8E92-86FB-3990-9614-FC02F33CA3F4}
		{78D63E0D-2758-36A8-87E6-EB3988710F52} = {1EEE8E92-86FB-3990-9614-FC02F33CA3F4}
		{4F517F1C-DD9C-3FB5-B09A-7B396247DE25} = {1EEE8E92-86FB-3990-9614-FC02F33CA3F4}
		{CD98BBE2-EEC2-38A9-88E1-16CD454B4651} = {1EEE8E92-86FB-3990-9614-FC02F33CA3F4}
		{5B33100B-AA15-387F-9766-3D30663ED0B7} = {BB4B1D65-12F8-3ED4-86E9-44BBDF3567B8}
		{B1584D70-0CF9-3E09-B7E5-37327E22E826} = {BB4B1D65-12F8-3ED4-86E9-44BBDF3567B8}
		{F93157E6-F77C-38B1-8B33-CD5F9F1F2AA9} = {BB4B1D65-12F8-3ED4-86E9-44BBDF3567B8}
		{13D3C6CE-172C-36A6-B063-82C6964FD55E} = {BB4B1D65-12F8-3ED4-86E9-44BBDF3567B8}
		{9E376FD8-B5A0-38DF-BA20-6BE761B35FEF} = {BB4B1D65-12F8-3ED4-86E9-44BBDF3567B8}
		{42506F45-84EC-3DF4-9185-D7736BD80EDD} = {BB4B1D65-12F8-3ED4-86E9-44BBDF3567B8}
		{5E758F07-5BC8-343D-A5F5-669792035301} = {DB063469-D148-3975-BB8A-55443663F191}
		{D61F60BE-2F0A-3C66-853C-B29A685292CE} = {DB063469-D148-3975-BB8A-55443663F191}
		{E8985036-316E-3303-9FD3-D90F8D161C0F} = {DB063469-D148-3975-BB8A-55443663F191}
	EndGlobalSection
	GlobalSection(ExtensibilityGlobals) = postSolution
		SolutionGuid = {11A0B18F-0EB5-3D53-BC47-B4F5B5B78D28}
	EndGlobalSection
	GlobalSection(ExtensibilityAddIns) = postSolution
	EndGlobalSection
EndGlobal
